
Microsoft Visual Studio Solution File, Format Version 12.00
# Visual Studio 2013
VisualStudioVersion = 12.0.21005.1
MinimumVisualStudioVersion = 10.0.40219.1
Project("{FAE04EC0-301F-11D3-BF4B-00C04F79EFBC}") = "Mvc4", "Mvc4\Mvc4.csproj", "{5E540951-1EFF-4714-B1C9-80B6C69AD7AA}"
EndProject
Project("{FAE04EC0-301F-11D3-BF4B-00C04F79EFBC}") = "MvcApplication1", "MvcApplication1\MvcApplication1.csproj", "{FD6CC837-415F-43F2-9AAD-FF3E57603CDC}"
EndProject
Global
	GlobalSection(SolutionConfigurationPlatforms) = preSolution
		Debug|Any CPU = Debug|Any CPU
		Release|Any CPU = Release|Any CPU
	EndGlobalSection
	GlobalSection(ProjectConfigurationPlatforms) = postSolution
		{5E540951-1EFF-4714-B1C9-80B6C69AD7AA}.Debug|Any CPU.ActiveCfg = Debug|Any CPU
		{5E540951-1EFF-4714-B1C9-80B6C69AD7AA}.Debug|Any CPU.Build.0 = Debug|Any CPU
		{5E540951-1EFF-4714-B1C9-80B6C69AD7AA}.Release|Any CPU.ActiveCfg = Release|Any CPU
		{5E540951-1EFF-4714-B1C9-80B6C69AD7AA}.Release|Any CPU.Build.0 = Release|Any CPU
		{FD6CC837-415F-43F2-9AAD-FF3E57603CDC}.Debug|Any CPU.ActiveCfg = Debug|Any CPU
		{FD6CC837-415F-43F2-9AAD-FF3E57603CDC}.Debug|Any CPU.Build.0 = Debug|Any CPU
		{FD6CC837-415F-43F2-9AAD-FF3E57603CDC}.Release|Any CPU.ActiveCfg = Release|Any CPU
		{FD6CC837-415F-43F2-9AAD-FF3E57603CDC}.Release|Any CPU.Build.0 = Release|Any CPU
	EndGlobalSection
	GlobalSection(SolutionProperties) = preSolution
		HideSolutionNode = FALSE
	EndGlobalSection
EndGlobal
